
Microsoft Visual Studio Solution File, Format Version 12.00
# Visual Studio Version 16
VisualStudioVersion = 16.0.29519.87
MinimumVisualStudioVersion = 10.0.40219.1
Project("{FAE04EC0-301F-11D3-BF4B-00C04F79EFBC}") = "Sudoku", "Sudoku\Sudoku.csproj", "{38949A06-350E-499B-8C47-19F048F8DAC9}"
EndProject
Global
	GlobalSection(SolutionConfigurationPlatforms) = preSolution
		Debug|Any CPU = Debug|Any CPU
		Release|Any CPU = Release|Any CPU
	EndGlobalSection
	GlobalSection(ProjectConfigurationPlatforms) = postSolution
		{38949A06-350E-499B-8C47-19F048F8DAC9}.Debug|Any CPU.ActiveCfg = Debug|Any CPU
		{38949A06-350E-499B-8C47-19F048F8DAC9}.Debug|Any CPU.Build.0 = Debug|Any CPU
		{38949A06-350E-499B-8C47-19F048F8DAC9}.Release|Any CPU.ActiveCfg = Release|Any CPU
		{38949A06-350E-499B-8C47-19F048F8DAC9}.Release|Any CPU.Build.0 = Release|Any CPU
	EndGlobalSection
	GlobalSection(SolutionProperties) = preSolution
		HideSolutionNode = FALSE
	EndGlobalSection
	GlobalSection(ExtensibilityGlobals) = postSolution
		SolutionGuid = {013A458C-6D9F-4CE5-A965-60982E44C513}
	EndGlobalSection
EndGlobal
